
Microsoft Visual Studio Solution File, Format Version 12.00
# Visual Studio 2013
VisualStudioVersion = 12.0.30110.0
MinimumVisualStudioVersion = 10.0.40219.1
Project("{FAE04EC0-301F-11D3-BF4B-00C04F79EFBC}") = "DynamicSPARQL", "DynamicSPARQL\DynamicSPARQL.csproj", "{BC9A6895-DE27-41AF-9DED-CA301A5BD6D6}"
EndProject
Project("{FAE04EC0-301F-11D3-BF4B-00C04F79EFBC}") = "DynamicSPARQL.Tests", "DynamicSPARQL.Tests\DynamicSPARQL.Tests.csproj", "{BC3DCC34-0684-4545-821E-3EF1783299D4}"
EndProject
Project("{2150E333-8FDC-42A3-9474-1A3956D46DE8}") = "Solution Items", "Solution Items", "{2F470C41-3D8B-46CB-84EC-21CE83147B66}"
	ProjectSection(SolutionItems) = preProject
		MIT-LICENSE.txt = MIT-LICENSE.txt
		readme.txt = readme.txt
	EndProjectSection
EndProject
Project("{FAE04EC0-301F-11D3-BF4B-00C04F79EFBC}") = "DynamicSPARQL.BrightstarDB", "DynamicSPARQL.BrightstarDB\DynamicSPARQL.BrightstarDB.csproj", "{FD78E20C-6EBD-4020-B838-0C3E7369634D}"
EndProject
Project("{FAE04EC0-301F-11D3-BF4B-00C04F79EFBC}") = "DynamicSPARQL.BrightstarDB.Tests", "DynamicSPARQL.BrightstarDB.Tests\DynamicSPARQL.BrightstarDB.Tests.csproj", "{A70F877A-A6B7-4D77-A196-F84D1CF2552A}"
EndProject
Project("{FAE04EC0-301F-11D3-BF4B-00C04F79EFBC}") = "DynamicSPARQL.dotNetRDF", "DynamicSPARQL.dotNetRDF\DynamicSPARQL.dotNetRDF.csproj", "{D714655A-47DD-4A29-B889-42B7B6C3136D}"
EndProject
Global
	GlobalSection(SolutionConfigurationPlatforms) = preSolution
		Debug|Any CPU = Debug|Any CPU
		Release|Any CPU = Release|Any CPU
	EndGlobalSection
	GlobalSection(ProjectConfigurationPlatforms) = postSolution
		{BC9A6895-DE27-41AF-9DED-CA301A5BD6D6}.Debug|Any CPU.ActiveCfg = Debug|Any CPU
		{BC9A6895-DE27-41AF-9DED-CA301A5BD6D6}.Debug|Any CPU.Build.0 = Debug|Any CPU
		{BC9A6895-DE27-41AF-9DED-CA301A5BD6D6}.Release|Any CPU.ActiveCfg = Release|Any CPU
		{BC9A6895-DE27-41AF-9DED-CA301A5BD6D6}.Release|Any CPU.Build.0 = Release|Any CPU
		{BC3DCC34-0684-4545-821E-3EF1783299D4}.Debug|Any CPU.ActiveCfg = Debug|Any CPU
		{BC3DCC34-0684-4545-821E-3EF1783299D4}.Debug|Any CPU.Build.0 = Debug|Any CPU
		{BC3DCC34-0684-4545-821E-3EF1783299D4}.Release|Any CPU.ActiveCfg = Release|Any CPU
		{BC3DCC34-0684-4545-821E-3EF1783299D4}.Release|Any CPU.Build.0 = Release|Any CPU
		{FD78E20C-6EBD-4020-B838-0C3E7369634D}.Debug|Any CPU.ActiveCfg = Debug|Any CPU
		{FD78E20C-6EBD-4020-B838-0C3E7369634D}.Debug|Any CPU.Build.0 = Debug|Any CPU
		{FD78E20C-6EBD-4020-B838-0C3E7369634D}.Release|Any CPU.ActiveCfg = Release|Any CPU
		{FD78E20C-6EBD-4020-B838-0C3E7369634D}.Release|Any CPU.Build.0 = Release|Any CPU
		{A70F877A-A6B7-4D77-A196-F84D1CF2552A}.Debug|Any CPU.ActiveCfg = Debug|Any CPU
		{A70F877A-A6B7-4D77-A196-F84D1CF2552A}.Debug|Any CPU.Build.0 = Debug|Any CPU
		{A70F877A-A6B7-4D77-A196-F84D1CF2552A}.Release|Any CPU.ActiveCfg = Release|Any CPU
		{A70F877A-A6B7-4D77-A196-F84D1CF2552A}.Release|Any CPU.Build.0 = Release|Any CPU
		{D714655A-47DD-4A29-B889-42B7B6C3136D}.Debug|Any CPU.ActiveCfg = Debug|Any CPU
		{D714655A-47DD-4A29-B889-42B7B6C3136D}.Debug|Any CPU.Build.0 = Debug|Any CPU
		{D714655A-47DD-4A29-B889-42B7B6C3136D}.Release|Any CPU.ActiveCfg = Release|Any CPU
		{D714655A-47DD-4A29-B889-42B7B6C3136D}.Release|Any CPU.Build.0 = Release|Any CPU
	EndGlobalSection
	GlobalSection(SolutionProperties) = preSolution
		HideSolutionNode = FALSE
	EndGlobalSection
EndGlobal
